
Microsoft Visual Studio Solution File, Format Version 12.00
# Visual Studio 15
VisualStudioVersion = 15.0.27004.2002
MinimumVisualStudioVersion = 10.0.40219.1
Project("{FAE04EC0-301F-11D3-BF4B-00C04F79EFBC}") = "RestSharpLester", "RestSharpLester\RestSharpLester.csproj", "{EE122D3F-2DE7-45A1-B86A-B9637EA0EBBD}"
EndProject
Global
	GlobalSection(SolutionConfigurationPlatforms) = preSolution
		Debug|Any CPU = Debug|Any CPU
		Release|Any CPU = Release|Any CPU
	EndGlobalSection
	GlobalSection(ProjectConfigurationPlatforms) = postSolution
		{EE122D3F-2DE7-45A1-B86A-B9637EA0EBBD}.Debug|Any CPU.ActiveCfg = Debug|Any CPU
		{EE122D3F-2DE7-45A1-B86A-B9637EA0EBBD}.Debug|Any CPU.Build.0 = Debug|Any CPU
		{EE122D3F-2DE7-45A1-B86A-B9637EA0EBBD}.Release|Any CPU.ActiveCfg = Release|Any CPU
		{EE122D3F-2DE7-45A1-B86A-B9637EA0EBBD}.Release|Any CPU.Build.0 = Release|Any CPU
	EndGlobalSection
	GlobalSection(SolutionProperties) = preSolution
		HideSolutionNode = FALSE
	EndGlobalSection
	GlobalSection(ExtensibilityGlobals) = postSolution
		SolutionGuid = {164DB77E-B076-49B0-B162-A14DC2B90E1B}
	EndGlobalSection
EndGlobal
